
Microsoft Visual Studio Solution File, Format Version 12.00
# Visual Studio Version 16
VisualStudioVersion = 16.0.28809.33
MinimumVisualStudioVersion = 10.0.40219.1
Project("{888888A0-9F3D-457C-B088-3A5042F75D52}") = "spider", "spider.pyproj", "{E5CF8C3B-A6DA-454B-AA2D-C558EDED93E5}"
EndProject
Global
	GlobalSection(SolutionConfigurationPlatforms) = preSolution
		Debug|Any CPU = Debug|Any CPU
		Release|Any CPU = Release|Any CPU
	EndGlobalSection
	GlobalSection(ProjectConfigurationPlatforms) = postSolution
		{E5CF8C3B-A6DA-454B-AA2D-C558EDED93E5}.Debug|Any CPU.ActiveCfg = Debug|Any CPU
		{E5CF8C3B-A6DA-454B-AA2D-C558EDED93E5}.Release|Any CPU.ActiveCfg = Release|Any CPU
	EndGlobalSection
	GlobalSection(SolutionProperties) = preSolution
		HideSolutionNode = FALSE
	EndGlobalSection
	GlobalSection(ExtensibilityGlobals) = postSolution
		SolutionGuid = {E16516E3-46F7-4576-AE22-CD6938F420E1}
	EndGlobalSection
EndGlobal
